
Microsoft Visual Studio Solution File, Format Version 12.00
# Visual Studio Version 16
VisualStudioVersion = 16.0.32407.337
MinimumVisualStudioVersion = 10.0.40219.1
Project("{9A19103F-16F7-4668-BE54-9A1E7A4F7556}") = "Elderand.Randomizer", "Elderand.Randomizer\Elderand.Randomizer.csproj", "{5664A70E-AC2E-4B56-8D25-001CC34A82A9}"
EndProject
Global
	GlobalSection(SolutionConfigurationPlatforms) = preSolution
		Debug|Any CPU = Debug|Any CPU
		Release|Any CPU = Release|Any CPU
	EndGlobalSection
	GlobalSection(ProjectConfigurationPlatforms) = postSolution
		{5664A70E-AC2E-4B56-8D25-001CC34A82A9}.Debug|Any CPU.ActiveCfg = Debug|Any CPU
		{5664A70E-AC2E-4B56-8D25-001CC34A82A9}.Debug|Any CPU.Build.0 = Debug|Any CPU
		{5664A70E-AC2E-4B56-8D25-001CC34A82A9}.Release|Any CPU.ActiveCfg = Release|Any CPU
		{5664A70E-AC2E-4B56-8D25-001CC34A82A9}.Release|Any CPU.Build.0 = Release|Any CPU
	EndGlobalSection
	GlobalSection(SolutionProperties) = preSolution
		HideSolutionNode = FALSE
	EndGlobalSection
	GlobalSection(ExtensibilityGlobals) = postSolution
		SolutionGuid = {A2B06878-D4FB-4556-BEA1-7A7B4DE1070D}
	EndGlobalSection
EndGlobal
